
Microsoft Visual Studio Solution File, Format Version 12.00
# Visual Studio Version 16
VisualStudioVersion = 16.0.30011.22
MinimumVisualStudioVersion = 10.0.40219.1
Project("{FAE04EC0-301F-11D3-BF4B-00C04F79EFBC}") = "FITSDominator", "FITSDominator.csproj", "{2D44BC5C-BF4B-4330-9E1A-441FB3383B92}"
EndProject
Global
	GlobalSection(SolutionConfigurationPlatforms) = preSolution
		Debug|Any CPU = Debug|Any CPU
		Release|Any CPU = Release|Any CPU
	EndGlobalSection
	GlobalSection(ProjectConfigurationPlatforms) = postSolution
		{2D44BC5C-BF4B-4330-9E1A-441FB3383B92}.Debug|Any CPU.ActiveCfg = Debug|Any CPU
		{2D44BC5C-BF4B-4330-9E1A-441FB3383B92}.Debug|Any CPU.Build.0 = Debug|Any CPU
		{2D44BC5C-BF4B-4330-9E1A-441FB3383B92}.Release|Any CPU.ActiveCfg = Release|Any CPU
		{2D44BC5C-BF4B-4330-9E1A-441FB3383B92}.Release|Any CPU.Build.0 = Release|Any CPU
	EndGlobalSection
	GlobalSection(SolutionProperties) = preSolution
		HideSolutionNode = FALSE
	EndGlobalSection
	GlobalSection(ExtensibilityGlobals) = postSolution
		SolutionGuid = {82935EDD-93BF-4E39-B773-3AFA7E52BA45}
	EndGlobalSection
EndGlobal
